
Microsoft Visual Studio Solution File, Format Version 12.00
# Visual Studio Version 17
VisualStudioVersion = 17.7.34024.191
MinimumVisualStudioVersion = 10.0.40219.1
Project("{9A19103F-16F7-4668-BE54-9A1E7A4F7556}") = "POB2312", "POB2312\POB2312.csproj", "{DDAA7EB2-E72E-4F43-BA7E-90E0F995D6CB}"
EndProject
Project("{9A19103F-16F7-4668-BE54-9A1E7A4F7556}") = "Lesson2", "Lesson1\Lesson2.csproj", "{10A417F6-5DFA-44B7-A6DD-EBE5A858635F}"
EndProject
Project("{9A19103F-16F7-4668-BE54-9A1E7A4F7556}") = "Lesson3", "Lesson3\Lesson3.csproj", "{86BA2AF8-EE1A-4A0F-A79F-A6F98B9C8659}"
EndProject
Project("{9A19103F-16F7-4668-BE54-9A1E7A4F7556}") = "Lesson5", "Lesson5\Lesson5.csproj", "{5DD202F4-09ED-4C5F-9145-746662F86215}"
EndProject
Project("{9A19103F-16F7-4668-BE54-9A1E7A4F7556}") = "Lesson4", "Lesson4\Lesson4.csproj", "{8B4EFDC8-34D5-4B45-931D-3A284061FA96}"
EndProject
Project("{9A19103F-16F7-4668-BE54-9A1E7A4F7556}") = "Lesson6", "Lesson6\Lesson6.csproj", "{DE2256B3-79C8-435E-A0A1-E32976D7728C}"
EndProject
Project("{9A19103F-16F7-4668-BE54-9A1E7A4F7556}") = "Lesson8", "Lesson8\Lesson8.csproj", "{C500BCBB-0C1B-45A8-8358-90D01998A159}"
EndProject
Project("{9A19103F-16F7-4668-BE54-9A1E7A4F7556}") = "Lesson9", "Lesson9\Lesson9.csproj", "{0EA37CF0-C7D2-4190-A838-1C4EC69E5965}"
EndProject
Project("{9A19103F-16F7-4668-BE54-9A1E7A4F7556}") = "Lesson10", "Lesson10\Lesson10.csproj", "{EFAFB095-313A-4940-B826-7CC3B6ABDAAE}"
EndProject
Project("{9A19103F-16F7-4668-BE54-9A1E7A4F7556}") = "Lesson11", "Lesson11\Lesson11.csproj", "{86AC0CB7-6CF6-4112-8E45-42FAE81C5FEF}"
EndProject
Project("{9A19103F-16F7-4668-BE54-9A1E7A4F7556}") = "Lesson12", "Lesson12\Lesson12.csproj", "{BD907404-44DE-4C32-BCDE-0B342F5C6D0D}"
EndProject
Project("{9A19103F-16F7-4668-BE54-9A1E7A4F7556}") = "Lesson13", "Lesson13\Lesson13.csproj", "{1A300978-10E5-4F85-83F0-477103FDAF1D}"
EndProject
Project("{9A19103F-16F7-4668-BE54-9A1E7A4F7556}") = "Lesson14", "Lesson14\Lesson14.csproj", "{73003F5C-585E-45E9-B77D-D75AF9642452}"
EndProject
Project("{9A19103F-16F7-4668-BE54-9A1E7A4F7556}") = "Lesson15", "Lesson15\Lesson15.csproj", "{B92FCFE1-9219-4BE5-B226-4721481FD537}"
EndProject
Project("{9A19103F-16F7-4668-BE54-9A1E7A4F7556}") = "Lesson16", "Lesson16\Lesson16.csproj", "{FC268394-C847-47C1-9BF7-A7EAB022B81C}"
EndProject
Project("{9A19103F-16F7-4668-BE54-9A1E7A4F7556}") = "Lesson17", "Lesson17\Lesson17.csproj", "{49E27D26-62FC-47C6-B139-3786986644DB}"
EndProject
Project("{9A19103F-16F7-4668-BE54-9A1E7A4F7556}") = "Lesson18", "Lesson18\Lesson18.csproj", "{83A0A609-3009-49FA-B4D3-72C17B503301}"
EndProject
Project("{9A19103F-16F7-4668-BE54-9A1E7A4F7556}") = "Lesson19", "Lesson19\Lesson19.csproj", "{FBC9D2BF-8684-4E0A-AA14-5BE9782217B3}"
EndProject
Project("{FAE04EC0-301F-11D3-BF4B-00C04F79EFBC}") = "Lesson20", "Lesson20\Lesson20.csproj", "{ED0680E6-FD41-4FD8-9666-52CEE033384B}"
EndProject
Global
	GlobalSection(SolutionConfigurationPlatforms) = preSolution
		Debug|Any CPU = Debug|Any CPU
		Release|Any CPU = Release|Any CPU
	EndGlobalSection
	GlobalSection(ProjectConfigurationPlatforms) = postSolution
		{DDAA7EB2-E72E-4F43-BA7E-90E0F995D6CB}.Debug|Any CPU.ActiveCfg = Debug|Any CPU
		{DDAA7EB2-E72E-4F43-BA7E-90E0F995D6CB}.Debug|Any CPU.Build.0 = Debug|Any CPU
		{DDAA7EB2-E72E-4F43-BA7E-90E0F995D6CB}.Release|Any CPU.ActiveCfg = Release|Any CPU
		{DDAA7EB2-E72E-4F43-BA7E-90E0F995D6CB}.Release|Any CPU.Build.0 = Release|Any CPU
		{10A417F6-5DFA-44B7-A6DD-EBE5A858635F}.Debug|Any CPU.ActiveCfg = Debug|Any CPU
		{10A417F6-5DFA-44B7-A6DD-EBE5A858635F}.Debug|Any CPU.Build.0 = Debug|Any CPU
		{10A417F6-5DFA-44B7-A6DD-EBE5A858635F}.Release|Any CPU.ActiveCfg = Release|Any CPU
		{10A417F6-5DFA-44B7-A6DD-EBE5A858635F}.Release|Any CPU.Build.0 = Release|Any CPU
		{86BA2AF8-EE1A-4A0F-A79F-A6F98B9C8659}.Debug|Any CPU.ActiveCfg = Debug|Any CPU
		{86BA2AF8-EE1A-4A0F-A79F-A6F98B9C8659}.Debug|Any CPU.Build.0 = Debug|Any CPU
		{86BA2AF8-EE1A-4A0F-A79F-A6F98B9C8659}.Release|Any CPU.ActiveCfg = Release|Any CPU
		{86BA2AF8-EE1A-4A0F-A79F-A6F98B9C8659}.Release|Any CPU.Build.0 = Release|Any CPU
		{5DD202F4-09ED-4C5F-9145-746662F86215}.Debug|Any CPU.ActiveCfg = Debug|Any CPU
		{5DD202F4-09ED-4C5F-9145-746662F86215}.Debug|Any CPU.Build.0 = Debug|Any CPU
		{5DD202F4-09ED-4C5F-9145-746662F86215}.Release|Any CPU.ActiveCfg = Release|Any CPU
		{5DD202F4-09ED-4C5F-9145-746662F86215}.Release|Any CPU.Build.0 = Release|Any CPU
		{8B4EFDC8-34D5-4B45-931D-3A284061FA96}.Debug|Any CPU.ActiveCfg = Debug|Any CPU
		{8B4EFDC8-34D5-4B45-931D-3A284061FA96}.Debug|Any CPU.Build.0 = Debug|Any CPU
		{8B4EFDC8-34D5-4B45-931D-3A284061FA96}.Release|Any CPU.ActiveCfg = Release|Any CPU
		{8B4EFDC8-34D5-4B45-931D-3A284061FA96}.Release|Any CPU.Build.0 = Release|Any CPU
		{DE2256B3-79C8-435E-A0A1-E32976D7728C}.Debug|Any CPU.ActiveCfg = Debug|Any CPU
		{DE2256B3-79C8-435E-A0A1-E32976D7728C}.Debug|Any CPU.Build.0 = Debug|Any CPU
		{DE2256B3-79C8-435E-A0A1-E32976D7728C}.Release|Any CPU.ActiveCfg = Release|Any CPU
		{DE2256B3-79C8-435E-A0A1-E32976D7728C}.Release|Any CPU.Build.0 = Release|Any CPU
		{C500BCBB-0C1B-45A8-8358-90D01998A159}.Debug|Any CPU.ActiveCfg = Debug|Any CPU
		{C500BCBB-0C1B-45A8-8358-90D01998A159}.Debug|Any CPU.Build.0 = Debug|Any CPU
		{C500BCBB-0C1B-45A8-8358-90D01998A159}.Release|Any CPU.ActiveCfg = Release|Any CPU
		{C500BCBB-0C1B-45A8-8358-90D01998A159}.Release|Any CPU.Build.0 = Release|Any CPU
		{0EA37CF0-C7D2-4190-A838-1C4EC69E5965}.Debug|Any CPU.ActiveCfg = Debug|Any CPU
		{0EA37CF0-C7D2-4190-A838-1C4EC69E5965}.Debug|Any CPU.Build.0 = Debug|Any CPU
		{0EA37CF0-C7D2-4190-A838-1C4EC69E5965}.Release|Any CPU.ActiveCfg = Release|Any CPU
		{0EA37CF0-C7D2-4190-A838-1C4EC69E5965}.Release|Any CPU.Build.0 = Release|Any CPU
		{EFAFB095-313A-4940-B826-7CC3B6ABDAAE}.Debug|Any CPU.ActiveCfg = Debug|Any CPU
		{EFAFB095-313A-4940-B826-7CC3B6ABDAAE}.Debug|Any CPU.Build.0 = Debug|Any CPU
		{EFAFB095-313A-4940-B826-7CC3B6ABDAAE}.Release|Any CPU.ActiveCfg = Release|Any CPU
		{EFAFB095-313A-4940-B826-7CC3B6ABDAAE}.Release|Any CPU.Build.0 = Release|Any CPU
		{86AC0CB7-6CF6-4112-8E45-42FAE81C5FEF}.Debug|Any CPU.ActiveCfg = Debug|Any CPU
		{86AC0CB7-6CF6-4112-8E45-42FAE81C5FEF}.Debug|Any CPU.Build.0 = Debug|Any CPU
		{86AC0CB7-6CF6-4112-8E45-42FAE81C5FEF}.Release|Any CPU.ActiveCfg = Release|Any CPU
		{86AC0CB7-6CF6-4112-8E45-42FAE81C5FEF}.Release|Any CPU.Build.0 = Release|Any CPU
		{BD907404-44DE-4C32-BCDE-0B342F5C6D0D}.Debug|Any CPU.ActiveCfg = Debug|Any CPU
		{BD907404-44DE-4C32-BCDE-0B342F5C6D0D}.Debug|Any CPU.Build.0 = Debug|Any CPU
		{BD907404-44DE-4C32-BCDE-0B342F5C6D0D}.Release|Any CPU.ActiveCfg = Release|Any CPU
		{BD907404-44DE-4C32-BCDE-0B342F5C6D0D}.Release|Any CPU.Build.0 = Release|Any CPU
		{1A300978-10E5-4F85-83F0-477103FDAF1D}.Debug|Any CPU.ActiveCfg = Debug|Any CPU
		{1A300978-10E5-4F85-83F0-477103FDAF1D}.Debug|Any CPU.Build.0 = Debug|Any CPU
		{1A300978-10E5-4F85-83F0-477103FDAF1D}.Release|Any CPU.ActiveCfg = Release|Any CPU
		{1A300978-10E5-4F85-83F0-477103FDAF1D}.Release|Any CPU.Build.0 = Release|Any CPU
		{73003F5C-585E-45E9-B77D-D75AF9642452}.Debug|Any CPU.ActiveCfg = Debug|Any CPU
		{73003F5C-585E-45E9-B77D-D75AF9642452}.Debug|Any CPU.Build.0 = Debug|Any CPU
		{73003F5C-585E-45E9-B77D-D75AF9642452}.Release|Any CPU.ActiveCfg = Release|Any CPU
		{73003F5C-585E-45E9-B77D-D75AF9642452}.Release|Any CPU.Build.0 = Release|Any CPU
		{B92FCFE1-9219-4BE5-B226-4721481FD537}.Debug|Any CPU.ActiveCfg = Debug|Any CPU
		{B92FCFE1-9219-4BE5-B226-4721481FD537}.Debug|Any CPU.Build.0 = Debug|Any CPU
		{B92FCFE1-9219-4BE5-B226-4721481FD537}.Release|Any CPU.ActiveCfg = Release|Any CPU
		{B92FCFE1-9219-4BE5-B226-4721481FD537}.Release|Any CPU.Build.0 = Release|Any CPU
		{FC268394-C847-47C1-9BF7-A7EAB022B81C}.Debug|Any CPU.ActiveCfg = Debug|Any CPU
		{FC268394-C847-47C1-9BF7-A7EAB022B81C}.Debug|Any CPU.Build.0 = Debug|Any CPU
		{FC268394-C847-47C1-9BF7-A7EAB022B81C}.Release|Any CPU.ActiveCfg = Release|Any CPU
		{FC268394-C847-47C1-9BF7-A7EAB022B81C}.Release|Any CPU.Build.0 = Release|Any CPU
		{49E27D26-62FC-47C6-B139-3786986644DB}.Debug|Any CPU.ActiveCfg = Debug|Any CPU
		{49E27D26-62FC-47C6-B139-3786986644DB}.Debug|Any CPU.Build.0 = Debug|Any CPU
		{49E27D26-62FC-47C6-B139-3786986644DB}.Release|Any CPU.ActiveCfg = Release|Any CPU
		{49E27D26-62FC-47C6-B139-3786986644DB}.Release|Any CPU.Build.0 = Release|Any CPU
		{83A0A609-3009-49FA-B4D3-72C17B503301}.Debug|Any CPU.ActiveCfg = Debug|Any CPU
		{83A0A609-3009-49FA-B4D3-72C17B503301}.Debug|Any CPU.Build.0 = Debug|Any CPU
		{83A0A609-3009-49FA-B4D3-72C17B503301}.Release|Any CPU.ActiveCfg = Release|Any CPU
		{83A0A609-3009-49FA-B4D3-72C17B503301}.Release|Any CPU.Build.0 = Release|Any CPU
		{FBC9D2BF-8684-4E0A-AA14-5BE9782217B3}.Debug|Any CPU.ActiveCfg = Debug|Any CPU
		{FBC9D2BF-8684-4E0A-AA14-5BE9782217B3}.Debug|Any CPU.Build.0 = Debug|Any CPU
		{FBC9D2BF-8684-4E0A-AA14-5BE9782217B3}.Release|Any CPU.ActiveCfg = Release|Any CPU
		{FBC9D2BF-8684-4E0A-AA14-5BE9782217B3}.Release|Any CPU.Build.0 = Release|Any CPU
		{ED0680E6-FD41-4FD8-9666-52CEE033384B}.Debug|Any CPU.ActiveCfg = Debug|Any CPU
		{ED0680E6-FD41-4FD8-9666-52CEE033384B}.Debug|Any CPU.Build.0 = Debug|Any CPU
		{ED0680E6-FD41-4FD8-9666-52CEE033384B}.Release|Any CPU.ActiveCfg = Release|Any CPU
		{ED0680E6-FD41-4FD8-9666-52CEE033384B}.Release|Any CPU.Build.0 = Release|Any CPU
	EndGlobalSection
	GlobalSection(SolutionProperties) = preSolution
		HideSolutionNode = FALSE
	EndGlobalSection
	GlobalSection(ExtensibilityGlobals) = postSolution
		SolutionGuid = {AD20C309-074F-4E4C-A569-691C1218927F}
	EndGlobalSection
EndGlobal
